# This file is generated by running "yarn install" inside your project.
# Manual changes might be lost - proceed with caution!

__metadata:
  version: 6
  cacheKey: 8

"@agility/cli@workspace:.":
  version: 0.0.0-use.local
  resolution: "@agility/cli@workspace:."
  dependencies:
    "@agility/content-sync": ^1.1.5
    "@agility/management-sdk": ^0.1.16
    "@types/inquirer": ^9.0.3
    "@types/node": ^18.11.17
    "@types/yargs": ^17.0.17
    ansi-colors: ^4.1.3
    axios: ^0.27.2
    cli-progress: ^3.11.2
    inquirer: ^8.0.0
    open: ^8.4.0
    yargs: ^17.6.2
  bin:
    agility: dist/index.js
  languageName: unknown
  linkType: soft

"@agility/content-fetch@npm:^1.0.0":
  version: 1.1.5
  resolution: "@agility/content-fetch@npm:1.1.5"
  dependencies:
    axios: ^0.21.1
    axios-cache-adapter: ^2.4.1
  checksum: 6c28ea8a5c4a838142875eee1886614c964917d897d903730c2d6d054d0518d7f11d9f51acb50b08d267046b86c5f89dddb4ad677e996b77d642620b558a0d71
  languageName: node
  linkType: hard

"@agility/content-sync@npm:^1.1.5":
  version: 1.1.5
  resolution: "@agility/content-sync@npm:1.1.5"
  dependencies:
    "@agility/content-fetch": ^1.0.0
    dotenv: ^8.2.0
    proper-lockfile: ^4.1.2
  checksum: 4a9959672795639f5e4877849d46346121106692a5641c345ff8a3aa8ff5e1eb52e54cd548d5b3166aa3c686aad3db023a25fc55290efb2d1a5a5e04ffc0d924
  languageName: node
  linkType: hard

"@agility/management-sdk@npm:^0.1.16":
  version: 0.1.16
  resolution: "@agility/management-sdk@npm:0.1.16"
  dependencies:
    axios: ^0.27.2
  checksum: 2edd930a267a813ddb41c4fa1556d150046d6ec3bfd521792f9bd28f2410e64130a9d372f4538297cde2dd3837f34b4922ced8291882930e84f8658b23382695
  languageName: node
  linkType: hard

"@types/inquirer@npm:^9.0.3":
  version: 9.0.3
  resolution: "@types/inquirer@npm:9.0.3"
  dependencies:
    "@types/through": "*"
    rxjs: ^7.2.0
  checksum: 729a0deefddf95434090d8f6adc120c6de4a023cefd63fb1c3b1d1cfd1abbef4caef87af47589cdbeb16177037e48a0ffc397c39e845d2b7b5dd820eb7b80862
  languageName: node
  linkType: hard

"@types/node@npm:*, @types/node@npm:^18.11.17":
  version: 18.11.17
  resolution: "@types/node@npm:18.11.17"
  checksum: 1933afd068d5c75c068c6c4df6d10edb3b0b2bb6503d544e2f0496ac007c90596e6a5e284a8ef032451bc16f871b7e46719d7d2bea60e9b25d13a77d52161cac
  languageName: node
  linkType: hard

"@types/through@npm:*":
  version: 0.0.30
  resolution: "@types/through@npm:0.0.30"
  dependencies:
    "@types/node": "*"
  checksum: 9578470db0b527c26e246a1220ae9bffc6bf47f20f89c54aac467c083ab1f7e16c00d9a7b4bb6cb4e2dfae465027270827e5908a6236063f6214625e50585d78
  languageName: node
  linkType: hard

"@types/yargs-parser@npm:*":
  version: 21.0.0
  resolution: "@types/yargs-parser@npm:21.0.0"
  checksum: b2f4c8d12ac18a567440379909127cf2cec393daffb73f246d0a25df36ea983b93b7e9e824251f959e9f928cbc7c1aab6728d0a0ff15d6145f66cec2be67d9a2
  languageName: node
  linkType: hard

"@types/yargs@npm:^17.0.17":
  version: 17.0.17
  resolution: "@types/yargs@npm:17.0.17"
  dependencies:
    "@types/yargs-parser": "*"
  checksum: 4f1b5149e794c8960652b4339dc96655e53b48fdbe1b847fcb0db95e72e760724a4c5c616a7fccb3c0ae8beb0e57e06e37391d492e916e3ff179aafeb890e426
  languageName: node
  linkType: hard

"ansi-colors@npm:^4.1.3":
  version: 4.1.3
  resolution: "ansi-colors@npm:4.1.3"
  checksum: a9c2ec842038a1fabc7db9ece7d3177e2fe1c5dc6f0c51ecfbf5f39911427b89c00b5dc6b8bd95f82a26e9b16aaae2e83d45f060e98070ce4d1333038edceb0e
  languageName: node
  linkType: hard

"ansi-escapes@npm:^4.2.1":
  version: 4.3.2
  resolution: "ansi-escapes@npm:4.3.2"
  dependencies:
    type-fest: ^0.21.3
  checksum: 93111c42189c0a6bed9cdb4d7f2829548e943827ee8479c74d6e0b22ee127b2a21d3f8b5ca57723b8ef78ce011fbfc2784350eb2bde3ccfccf2f575fa8489815
  languageName: node
  linkType: hard

"ansi-regex@npm:^5.0.1":
  version: 5.0.1
  resolution: "ansi-regex@npm:5.0.1"
  checksum: 2aa4bb54caf2d622f1afdad09441695af2a83aa3fe8b8afa581d205e57ed4261c183c4d3877cee25794443fde5876417d859c108078ab788d6af7e4fe52eb66b
  languageName: node
  linkType: hard

"ansi-styles@npm:^4.0.0, ansi-styles@npm:^4.1.0":
  version: 4.3.0
  resolution: "ansi-styles@npm:4.3.0"
  dependencies:
    color-convert: ^2.0.1
  checksum: 513b44c3b2105dd14cc42a19271e80f386466c4be574bccf60b627432f9198571ebf4ab1e4c3ba17347658f4ee1711c163d574248c0c1cdc2d5917a0ad582ec4
  languageName: node
  linkType: hard

"asynckit@npm:^0.4.0":
  version: 0.4.0
  resolution: "asynckit@npm:0.4.0"
  checksum: 7b78c451df768adba04e2d02e63e2d0bf3b07adcd6e42b4cf665cb7ce899bedd344c69a1dcbce355b5f972d597b25aaa1c1742b52cffd9caccb22f348114f6be
  languageName: node
  linkType: hard

"axios-cache-adapter@npm:^2.4.1":
  version: 2.7.3
  resolution: "axios-cache-adapter@npm:2.7.3"
  dependencies:
    cache-control-esm: 1.0.0
    md5: ^2.2.1
  peerDependencies:
    axios: ~0.21.1
  checksum: ff44bee6a2e0b8ed85e20bcd6db566a228ca94bf1c542538e3e5b901d02f01a16f11f146068f768bc6c212ebf0bd356f304edc81920cf5a3bbc10d3c29702f2d
  languageName: node
  linkType: hard

"axios@npm:^0.21.1":
  version: 0.21.4
  resolution: "axios@npm:0.21.4"
  dependencies:
    follow-redirects: ^1.14.0
  checksum: 44245f24ac971e7458f3120c92f9d66d1fc695e8b97019139de5b0cc65d9b8104647db01e5f46917728edfc0cfd88eb30fc4c55e6053eef4ace76768ce95ff3c
  languageName: node
  linkType: hard

"axios@npm:^0.27.2":
  version: 0.27.2
  resolution: "axios@npm:0.27.2"
  dependencies:
    follow-redirects: ^1.14.9
    form-data: ^4.0.0
  checksum: 38cb7540465fe8c4102850c4368053c21683af85c5fdf0ea619f9628abbcb59415d1e22ebc8a6390d2bbc9b58a9806c874f139767389c862ec9b772235f06854
  languageName: node
  linkType: hard

"cache-control-esm@npm:1.0.0":
  version: 1.0.0
  resolution: "cache-control-esm@npm:1.0.0"
  checksum: 4f8c8399f2b15ad43c635d14b80aadd9de039f09fa56c4686aca828f82e57c1fc479026db1786dea1ba1026415dab0fe463938be4a6110874d3bf3aa7a60d0f3
  languageName: node
  linkType: hard

"chalk@npm:^4.1.0":
  version: 4.1.2
  resolution: "chalk@npm:4.1.2"
  dependencies:
    ansi-styles: ^4.1.0
    supports-color: ^7.1.0
  checksum: fe75c9d5c76a7a98d45495b91b2172fa3b7a09e0cc9370e5c8feb1c567b85c4288e2b3fded7cfdd7359ac28d6b3844feb8b82b8686842e93d23c827c417e83fc
  languageName: node
  linkType: hard

"chardet@npm:^0.7.0":
  version: 0.7.0
  resolution: "chardet@npm:0.7.0"
  checksum: 6fd5da1f5d18ff5712c1e0aed41da200d7c51c28f11b36ee3c7b483f3696dabc08927fc6b227735eb8f0e1215c9a8abd8154637f3eff8cada5959df7f58b024d
  languageName: node
  linkType: hard

"charenc@npm:0.0.2":
  version: 0.0.2
  resolution: "charenc@npm:0.0.2"
  checksum: 81dcadbe57e861d527faf6dd3855dc857395a1c4d6781f4847288ab23cffb7b3ee80d57c15bba7252ffe3e5e8019db767757ee7975663ad2ca0939bb8fcaf2e5
  languageName: node
  linkType: hard

"cli-cursor@npm:^3.1.0":
  version: 3.1.0
  resolution: "cli-cursor@npm:3.1.0"
  dependencies:
    restore-cursor: ^3.1.0
  checksum: 2692784c6cd2fd85cfdbd11f53aea73a463a6d64a77c3e098b2b4697a20443f430c220629e1ca3b195ea5ac4a97a74c2ee411f3807abf6df2b66211fec0c0a29
  languageName: node
  linkType: hard

"cli-progress@npm:^3.11.2":
  version: 3.11.2
  resolution: "cli-progress@npm:3.11.2"
  dependencies:
    string-width: ^4.2.3
  checksum: 147d26b80ceaa24d72f0354d1b58b7f3567b928bf5943be879de31cf16b0a4f1d059984e2e35a664d7d27ae3e7fafd69fd94b35f462c8879caf96d7f31eac442
  languageName: node
  linkType: hard

"cli-width@npm:^3.0.0":
  version: 3.0.0
  resolution: "cli-width@npm:3.0.0"
  checksum: 4c94af3769367a70e11ed69aa6095f1c600c0ff510f3921ab4045af961820d57c0233acfa8b6396037391f31b4c397e1f614d234294f979ff61430a6c166c3f6
  languageName: node
  linkType: hard

"cliui@npm:^8.0.1":
  version: 8.0.1
  resolution: "cliui@npm:8.0.1"
  dependencies:
    string-width: ^4.2.0
    strip-ansi: ^6.0.1
    wrap-ansi: ^7.0.0
  checksum: 79648b3b0045f2e285b76fb2e24e207c6db44323581e421c3acbd0e86454cba1b37aea976ab50195a49e7384b871e6dfb2247ad7dec53c02454ac6497394cb56
  languageName: node
  linkType: hard

"color-convert@npm:^2.0.1":
  version: 2.0.1
  resolution: "color-convert@npm:2.0.1"
  dependencies:
    color-name: ~1.1.4
  checksum: 79e6bdb9fd479a205c71d89574fccfb22bd9053bd98c6c4d870d65c132e5e904e6034978e55b43d69fcaa7433af2016ee203ce76eeba9cfa554b373e7f7db336
  languageName: node
  linkType: hard

"color-name@npm:~1.1.4":
  version: 1.1.4
  resolution: "color-name@npm:1.1.4"
  checksum: b0445859521eb4021cd0fb0cc1a75cecf67fceecae89b63f62b201cca8d345baf8b952c966862a9d9a2632987d4f6581f0ec8d957dfacece86f0a7919316f610
  languageName: node
  linkType: hard

"combined-stream@npm:^1.0.8":
  version: 1.0.8
  resolution: "combined-stream@npm:1.0.8"
  dependencies:
    delayed-stream: ~1.0.0
  checksum: 49fa4aeb4916567e33ea81d088f6584749fc90c7abec76fd516bf1c5aa5c79f3584b5ba3de6b86d26ddd64bae5329c4c7479343250cfe71c75bb366eae53bb7c
  languageName: node
  linkType: hard

"crypt@npm:0.0.2":
  version: 0.0.2
  resolution: "crypt@npm:0.0.2"
  checksum: baf4c7bbe05df656ec230018af8cf7dbe8c14b36b98726939cef008d473f6fe7a4fad906cfea4062c93af516f1550a3f43ceb4d6615329612c6511378ed9fe34
  languageName: node
  linkType: hard

"define-lazy-prop@npm:^2.0.0":
  version: 2.0.0
  resolution: "define-lazy-prop@npm:2.0.0"
  checksum: 0115fdb065e0490918ba271d7339c42453d209d4cb619dfe635870d906731eff3e1ade8028bb461ea27ce8264ec5e22c6980612d332895977e89c1bbc80fcee2
  languageName: node
  linkType: hard

"delayed-stream@npm:~1.0.0":
  version: 1.0.0
  resolution: "delayed-stream@npm:1.0.0"
  checksum: 46fe6e83e2cb1d85ba50bd52803c68be9bd953282fa7096f51fc29edd5d67ff84ff753c51966061e5ba7cb5e47ef6d36a91924eddb7f3f3483b1c560f77a0020
  languageName: node
  linkType: hard

"dotenv@npm:^8.2.0":
  version: 8.6.0
  resolution: "dotenv@npm:8.6.0"
  checksum: 38e902c80b0666ab59e9310a3d24ed237029a7ce34d976796349765ac96b8d769f6df19090f1f471b77a25ca391971efde8a1ea63bb83111bd8bec8e5cc9b2cd
  languageName: node
  linkType: hard

"emoji-regex@npm:^8.0.0":
  version: 8.0.0
  resolution: "emoji-regex@npm:8.0.0"
  checksum: d4c5c39d5a9868b5fa152f00cada8a936868fd3367f33f71be515ecee4c803132d11b31a6222b2571b1e5f7e13890156a94880345594d0ce7e3c9895f560f192
  languageName: node
  linkType: hard

"escalade@npm:^3.1.1":
  version: 3.1.1
  resolution: "escalade@npm:3.1.1"
  checksum: a3e2a99f07acb74b3ad4989c48ca0c3140f69f923e56d0cba0526240ee470b91010f9d39001f2a4a313841d237ede70a729e92125191ba5d21e74b106800b133
  languageName: node
  linkType: hard

"escape-string-regexp@npm:^1.0.5":
  version: 1.0.5
  resolution: "escape-string-regexp@npm:1.0.5"
  checksum: 6092fda75c63b110c706b6a9bfde8a612ad595b628f0bd2147eea1d3406723020810e591effc7db1da91d80a71a737a313567c5abb3813e8d9c71f4aa595b410
  languageName: node
  linkType: hard

"external-editor@npm:^3.0.3":
  version: 3.1.0
  resolution: "external-editor@npm:3.1.0"
  dependencies:
    chardet: ^0.7.0
    iconv-lite: ^0.4.24
    tmp: ^0.0.33
  checksum: 1c2a616a73f1b3435ce04030261bed0e22d4737e14b090bb48e58865da92529c9f2b05b893de650738d55e692d071819b45e1669259b2b354bc3154d27a698c7
  languageName: node
  linkType: hard

"figures@npm:^3.0.0":
  version: 3.2.0
  resolution: "figures@npm:3.2.0"
  dependencies:
    escape-string-regexp: ^1.0.5
  checksum: 85a6ad29e9aca80b49b817e7c89ecc4716ff14e3779d9835af554db91bac41c0f289c418923519392a1e582b4d10482ad282021330cd045bb7b80c84152f2a2b
  languageName: node
  linkType: hard

"follow-redirects@npm:^1.14.0, follow-redirects@npm:^1.14.9":
  version: 1.15.2
  resolution: "follow-redirects@npm:1.15.2"
  peerDependenciesMeta:
    debug:
      optional: true
  checksum: faa66059b66358ba65c234c2f2a37fcec029dc22775f35d9ad6abac56003268baf41e55f9ee645957b32c7d9f62baf1f0b906e68267276f54ec4b4c597c2b190
  languageName: node
  linkType: hard

"form-data@npm:^4.0.0":
  version: 4.0.0
  resolution: "form-data@npm:4.0.0"
  dependencies:
    asynckit: ^0.4.0
    combined-stream: ^1.0.8
    mime-types: ^2.1.12
  checksum: 01135bf8675f9d5c61ff18e2e2932f719ca4de964e3be90ef4c36aacfc7b9cb2fceb5eca0b7e0190e3383fe51c5b37f4cb80b62ca06a99aaabfcfd6ac7c9328c
  languageName: node
  linkType: hard

"get-caller-file@npm:^2.0.5":
  version: 2.0.5
  resolution: "get-caller-file@npm:2.0.5"
  checksum: b9769a836d2a98c3ee734a88ba712e62703f1df31b94b784762c433c27a386dd6029ff55c2a920c392e33657d80191edbf18c61487e198844844516f843496b9
  languageName: node
  linkType: hard

"graceful-fs@npm:^4.2.4":
  version: 4.2.10
  resolution: "graceful-fs@npm:4.2.10"
  checksum: 3f109d70ae123951905d85032ebeae3c2a5a7a997430df00ea30df0e3a6c60cf6689b109654d6fdacd28810a053348c4d14642da1d075049e6be1ba5216218da
  languageName: node
  linkType: hard

"has-flag@npm:^4.0.0":
  version: 4.0.0
  resolution: "has-flag@npm:4.0.0"
  checksum: 261a1357037ead75e338156b1f9452c016a37dcd3283a972a30d9e4a87441ba372c8b81f818cd0fbcd9c0354b4ae7e18b9e1afa1971164aef6d18c2b6095a8ad
  languageName: node
  linkType: hard

"iconv-lite@npm:^0.4.24":
  version: 0.4.24
  resolution: "iconv-lite@npm:0.4.24"
  dependencies:
    safer-buffer: ">= 2.1.2 < 3"
  checksum: bd9f120f5a5b306f0bc0b9ae1edeb1577161503f5f8252a20f1a9e56ef8775c9959fd01c55f2d3a39d9a8abaf3e30c1abeb1895f367dcbbe0a8fd1c9ca01c4f6
  languageName: node
  linkType: hard

"inquirer@npm:^8.0.0":
  version: 8.0.0
  resolution: "inquirer@npm:8.0.0"
  dependencies:
    ansi-escapes: ^4.2.1
    chalk: ^4.1.0
    cli-cursor: ^3.1.0
    cli-width: ^3.0.0
    external-editor: ^3.0.3
    figures: ^3.0.0
    lodash: ^4.17.21
    mute-stream: 0.0.8
    run-async: ^2.4.0
    rxjs: ^6.6.6
    string-width: ^4.1.0
    strip-ansi: ^6.0.0
    through: ^2.3.6
  checksum: 289a485752922998118668ae1c15001bd5ff1cb61e02d101da78c47dd9c9f4d46d2fcbcc9ebcae22dcdb820323636021508c723550394043dfde0e4f213596ec
  languageName: node
  linkType: hard

"is-buffer@npm:~1.1.6":
  version: 1.1.6
  resolution: "is-buffer@npm:1.1.6"
  checksum: 4a186d995d8bbf9153b4bd9ff9fd04ae75068fe695d29025d25e592d9488911eeece84eefbd8fa41b8ddcc0711058a71d4c466dcf6f1f6e1d83830052d8ca707
  languageName: node
  linkType: hard

"is-docker@npm:^2.0.0, is-docker@npm:^2.1.1":
  version: 2.2.1
  resolution: "is-docker@npm:2.2.1"
  bin:
    is-docker: cli.js
  checksum: 3fef7ddbf0be25958e8991ad941901bf5922ab2753c46980b60b05c1bf9c9c2402d35e6dc32e4380b980ef5e1970a5d9d5e5aa2e02d77727c3b6b5e918474c56
  languageName: node
  linkType: hard

"is-fullwidth-code-point@npm:^3.0.0":
  version: 3.0.0
  resolution: "is-fullwidth-code-point@npm:3.0.0"
  checksum: 44a30c29457c7fb8f00297bce733f0a64cd22eca270f83e58c105e0d015e45c019491a4ab2faef91ab51d4738c670daff901c799f6a700e27f7314029e99e348
  languageName: node
  linkType: hard

"is-wsl@npm:^2.2.0":
  version: 2.2.0
  resolution: "is-wsl@npm:2.2.0"
  dependencies:
    is-docker: ^2.0.0
  checksum: 20849846ae414997d290b75e16868e5261e86ff5047f104027026fd61d8b5a9b0b3ade16239f35e1a067b3c7cc02f70183cb661010ed16f4b6c7c93dad1b19d8
  languageName: node
  linkType: hard

"lodash@npm:^4.17.21":
  version: 4.17.21
  resolution: "lodash@npm:4.17.21"
  checksum: eb835a2e51d381e561e508ce932ea50a8e5a68f4ebdd771ea240d3048244a8d13658acbd502cd4829768c56f2e16bdd4340b9ea141297d472517b83868e677f7
  languageName: node
  linkType: hard

"md5@npm:^2.2.1":
  version: 2.3.0
  resolution: "md5@npm:2.3.0"
  dependencies:
    charenc: 0.0.2
    crypt: 0.0.2
    is-buffer: ~1.1.6
  checksum: a63cacf4018dc9dee08c36e6f924a64ced735b37826116c905717c41cebeb41a522f7a526ba6ad578f9c80f02cb365033ccd67fe186ffbcc1a1faeb75daa9b6e
  languageName: node
  linkType: hard

"mime-db@npm:1.52.0":
  version: 1.52.0
  resolution: "mime-db@npm:1.52.0"
  checksum: 0d99a03585f8b39d68182803b12ac601d9c01abfa28ec56204fa330bc9f3d1c5e14beb049bafadb3dbdf646dfb94b87e24d4ec7b31b7279ef906a8ea9b6a513f
  languageName: node
  linkType: hard

"mime-types@npm:^2.1.12":
  version: 2.1.35
  resolution: "mime-types@npm:2.1.35"
  dependencies:
    mime-db: 1.52.0
  checksum: 89a5b7f1def9f3af5dad6496c5ed50191ae4331cc5389d7c521c8ad28d5fdad2d06fd81baf38fed813dc4e46bb55c8145bb0ff406330818c9cf712fb2e9b3836
  languageName: node
  linkType: hard

"mimic-fn@npm:^2.1.0":
  version: 2.1.0
  resolution: "mimic-fn@npm:2.1.0"
  checksum: d2421a3444848ce7f84bd49115ddacff29c15745db73f54041edc906c14b131a38d05298dae3081667627a59b2eb1ca4b436ff2e1b80f69679522410418b478a
  languageName: node
  linkType: hard

"mute-stream@npm:0.0.8":
  version: 0.0.8
  resolution: "mute-stream@npm:0.0.8"
  checksum: ff48d251fc3f827e5b1206cda0ffdaec885e56057ee86a3155e1951bc940fd5f33531774b1cc8414d7668c10a8907f863f6561875ee6e8768931a62121a531a1
  languageName: node
  linkType: hard

"onetime@npm:^5.1.0":
  version: 5.1.2
  resolution: "onetime@npm:5.1.2"
  dependencies:
    mimic-fn: ^2.1.0
  checksum: 2478859ef817fc5d4e9c2f9e5728512ddd1dbc9fb7829ad263765bb6d3b91ce699d6e2332eef6b7dff183c2f490bd3349f1666427eaba4469fba0ac38dfd0d34
  languageName: node
  linkType: hard

"open@npm:^8.4.0":
  version: 8.4.0
  resolution: "open@npm:8.4.0"
  dependencies:
    define-lazy-prop: ^2.0.0
    is-docker: ^2.1.1
    is-wsl: ^2.2.0
  checksum: e9545bec64cdbf30a0c35c1bdc310344adf8428a117f7d8df3c0af0a0a24c513b304916a6d9b11db0190ff7225c2d578885080b761ed46a3d5f6f1eebb98b63c
  languageName: node
  linkType: hard

"os-tmpdir@npm:~1.0.2":
  version: 1.0.2
  resolution: "os-tmpdir@npm:1.0.2"
  checksum: 5666560f7b9f10182548bf7013883265be33620b1c1b4a4d405c25be2636f970c5488ff3e6c48de75b55d02bde037249fe5dbfbb4c0fb7714953d56aed062e6d
  languageName: node
  linkType: hard

"proper-lockfile@npm:^4.1.2":
  version: 4.1.2
  resolution: "proper-lockfile@npm:4.1.2"
  dependencies:
    graceful-fs: ^4.2.4
    retry: ^0.12.0
    signal-exit: ^3.0.2
  checksum: 00078ee6a61c216a56a6140c7d2a98c6c733b3678503002dc073ab8beca5d50ca271de4c85fca13b9b8ee2ff546c36674d1850509b84a04a5d0363bcb8638939
  languageName: node
  linkType: hard

"require-directory@npm:^2.1.1":
  version: 2.1.1
  resolution: "require-directory@npm:2.1.1"
  checksum: fb47e70bf0001fdeabdc0429d431863e9475e7e43ea5f94ad86503d918423c1543361cc5166d713eaa7029dd7a3d34775af04764bebff99ef413111a5af18c80
  languageName: node
  linkType: hard

"restore-cursor@npm:^3.1.0":
  version: 3.1.0
  resolution: "restore-cursor@npm:3.1.0"
  dependencies:
    onetime: ^5.1.0
    signal-exit: ^3.0.2
  checksum: f877dd8741796b909f2a82454ec111afb84eb45890eb49ac947d87991379406b3b83ff9673a46012fca0d7844bb989f45cc5b788254cf1a39b6b5a9659de0630
  languageName: node
  linkType: hard

"retry@npm:^0.12.0":
  version: 0.12.0
  resolution: "retry@npm:0.12.0"
  checksum: 623bd7d2e5119467ba66202d733ec3c2e2e26568074923bc0585b6b99db14f357e79bdedb63cab56cec47491c4a0da7e6021a7465ca6dc4f481d3898fdd3158c
  languageName: node
  linkType: hard

"run-async@npm:^2.4.0":
  version: 2.4.1
  resolution: "run-async@npm:2.4.1"
  checksum: a2c88aa15df176f091a2878eb840e68d0bdee319d8d97bbb89112223259cebecb94bc0defd735662b83c2f7a30bed8cddb7d1674eb48ae7322dc602b22d03797
  languageName: node
  linkType: hard

"rxjs@npm:^6.6.6":
  version: 6.6.7
  resolution: "rxjs@npm:6.6.7"
  dependencies:
    tslib: ^1.9.0
  checksum: bc334edef1bb8bbf56590b0b25734ba0deaf8825b703256a93714308ea36dff8a11d25533671adf8e104e5e8f256aa6fdfe39b2e248cdbd7a5f90c260acbbd1b
  languageName: node
  linkType: hard

"rxjs@npm:^7.2.0":
  version: 7.8.0
  resolution: "rxjs@npm:7.8.0"
  dependencies:
    tslib: ^2.1.0
  checksum: 61b4d4fd323c1043d8d6ceb91f24183b28bcf5def4f01ca111511d5c6b66755bc5578587fe714ef5d67cf4c9f2e26f4490d4e1d8cabf9bd5967687835e9866a2
  languageName: node
  linkType: hard

"safer-buffer@npm:>= 2.1.2 < 3":
  version: 2.1.2
  resolution: "safer-buffer@npm:2.1.2"
  checksum: cab8f25ae6f1434abee8d80023d7e72b598cf1327164ddab31003c51215526801e40b66c5e65d658a0af1e9d6478cadcb4c745f4bd6751f97d8644786c0978b0
  languageName: node
  linkType: hard

"signal-exit@npm:^3.0.2":
  version: 3.0.7
  resolution: "signal-exit@npm:3.0.7"
  checksum: a2f098f247adc367dffc27845853e9959b9e88b01cb301658cfe4194352d8d2bb32e18467c786a7fe15f1d44b233ea35633d076d5e737870b7139949d1ab6318
  languageName: node
  linkType: hard

"string-width@npm:^4.1.0, string-width@npm:^4.2.0, string-width@npm:^4.2.3":
  version: 4.2.3
  resolution: "string-width@npm:4.2.3"
  dependencies:
    emoji-regex: ^8.0.0
    is-fullwidth-code-point: ^3.0.0
    strip-ansi: ^6.0.1
  checksum: e52c10dc3fbfcd6c3a15f159f54a90024241d0f149cf8aed2982a2d801d2e64df0bf1dc351cf8e95c3319323f9f220c16e740b06faecd53e2462df1d2b5443fb
  languageName: node
  linkType: hard

"strip-ansi@npm:^6.0.0, strip-ansi@npm:^6.0.1":
  version: 6.0.1
  resolution: "strip-ansi@npm:6.0.1"
  dependencies:
    ansi-regex: ^5.0.1
  checksum: f3cd25890aef3ba6e1a74e20896c21a46f482e93df4a06567cebf2b57edabb15133f1f94e57434e0a958d61186087b1008e89c94875d019910a213181a14fc8c
  languageName: node
  linkType: hard

"supports-color@npm:^7.1.0":
  version: 7.2.0
  resolution: "supports-color@npm:7.2.0"
  dependencies:
    has-flag: ^4.0.0
  checksum: 3dda818de06ebbe5b9653e07842d9479f3555ebc77e9a0280caf5a14fb877ffee9ed57007c3b78f5a6324b8dbeec648d9e97a24e2ed9fdb81ddc69ea07100f4a
  languageName: node
  linkType: hard

"through@npm:^2.3.6":
  version: 2.3.8
  resolution: "through@npm:2.3.8"
  checksum: a38c3e059853c494af95d50c072b83f8b676a9ba2818dcc5b108ef252230735c54e0185437618596c790bbba8fcdaef5b290405981ffa09dce67b1f1bf190cbd
  languageName: node
  linkType: hard

"tmp@npm:^0.0.33":
  version: 0.0.33
  resolution: "tmp@npm:0.0.33"
  dependencies:
    os-tmpdir: ~1.0.2
  checksum: 902d7aceb74453ea02abbf58c203f4a8fc1cead89b60b31e354f74ed5b3fb09ea817f94fb310f884a5d16987dd9fa5a735412a7c2dd088dd3d415aa819ae3a28
  languageName: node
  linkType: hard

"tslib@npm:^1.9.0":
  version: 1.14.1
  resolution: "tslib@npm:1.14.1"
  checksum: dbe628ef87f66691d5d2959b3e41b9ca0045c3ee3c7c7b906cc1e328b39f199bb1ad9e671c39025bd56122ac57dfbf7385a94843b1cc07c60a4db74795829acd
  languageName: node
  linkType: hard

"tslib@npm:^2.1.0":
  version: 2.4.1
  resolution: "tslib@npm:2.4.1"
  checksum: 19480d6e0313292bd6505d4efe096a6b31c70e21cf08b5febf4da62e95c265c8f571f7b36fcc3d1a17e068032f59c269fab3459d6cd3ed6949eafecf64315fca
  languageName: node
  linkType: hard

"type-fest@npm:^0.21.3":
  version: 0.21.3
  resolution: "type-fest@npm:0.21.3"
  checksum: e6b32a3b3877f04339bae01c193b273c62ba7bfc9e325b8703c4ee1b32dc8fe4ef5dfa54bf78265e069f7667d058e360ae0f37be5af9f153b22382cd55a9afe0
  languageName: node
  linkType: hard

"wrap-ansi@npm:^7.0.0":
  version: 7.0.0
  resolution: "wrap-ansi@npm:7.0.0"
  dependencies:
    ansi-styles: ^4.0.0
    string-width: ^4.1.0
    strip-ansi: ^6.0.0
  checksum: a790b846fd4505de962ba728a21aaeda189b8ee1c7568ca5e817d85930e06ef8d1689d49dbf0e881e8ef84436af3a88bc49115c2e2788d841ff1b8b5b51a608b
  languageName: node
  linkType: hard

"y18n@npm:^5.0.5":
  version: 5.0.8
  resolution: "y18n@npm:5.0.8"
  checksum: 54f0fb95621ee60898a38c572c515659e51cc9d9f787fb109cef6fde4befbe1c4602dc999d30110feee37456ad0f1660fa2edcfde6a9a740f86a290999550d30
  languageName: node
  linkType: hard

"yargs-parser@npm:^21.1.1":
  version: 21.1.1
  resolution: "yargs-parser@npm:21.1.1"
  checksum: ed2d96a616a9e3e1cc7d204c62ecc61f7aaab633dcbfab2c6df50f7f87b393993fe6640d017759fe112d0cb1e0119f2b4150a87305cc873fd90831c6a58ccf1c
  languageName: node
  linkType: hard

"yargs@npm:^17.6.2":
  version: 17.6.2
  resolution: "yargs@npm:17.6.2"
  dependencies:
    cliui: ^8.0.1
    escalade: ^3.1.1
    get-caller-file: ^2.0.5
    require-directory: ^2.1.1
    string-width: ^4.2.3
    y18n: ^5.0.5
    yargs-parser: ^21.1.1
  checksum: 47da1b0d854fa16d45a3ded57b716b013b2179022352a5f7467409da5a04a1eef5b3b3d97a2dfc13e8bbe5f2ffc0afe3bc6a4a72f8254e60f5a4bd7947138643
  languageName: node
  linkType: hard
